// !$*UTF8*$!
{
	archiveVersion = 1;
	classes = {
	};
	objectVersion = 51;
	objects = {

/* Begin PBXBuildFile section */
		0FF84B5CEE9B82E9569845AA /* Pods_ChatAppTests.framework in Frameworks */ = {isa = PBXBuildFile; fileRef = 157B3A2C94134042F5149CAD /* Pods_ChatAppTests.framework */; };
		4DEFDD17CA7C2F28E563C4E0 /* Pods_ChatApp_ChatAppUITests.framework in Frameworks */ = {isa = PBXBuildFile; fileRef = 5E57467F6D434900EC3E7136 /* Pods_ChatApp_ChatAppUITests.framework */; };
		4F39DE4459CFE83D8B327B24 /* Pods_ChatApp.framework in Frameworks */ = {isa = PBXBuildFile; fileRef = D1EBCE13085BD21E418C031F /* Pods_ChatApp.framework */; };
		A0C67AB723DD719C0082C3ED /* Session.swift in Sources */ = {isa = PBXBuildFile; fileRef = A0C67AB623DD719C0082C3ED /* Session.swift */; };
		A0C67AB923DD72300082C3ED /* LoginView.swift in Sources */ = {isa = PBXBuildFile; fileRef = A0C67AB823DD72300082C3ED /* LoginView.swift */; };
		A0C67ABB23DD72D70082C3ED /* User.swift in Sources */ = {isa = PBXBuildFile; fileRef = A0C67ABA23DD72D70082C3ED /* User.swift */; };
		A0C67ABD23DD73490082C3ED /* RootView.swift in Sources */ = {isa = PBXBuildFile; fileRef = A0C67ABC23DD73490082C3ED /* RootView.swift */; };
		A0C67ABF23DD73B30082C3ED /* MainView.swift in Sources */ = {isa = PBXBuildFile; fileRef = A0C67ABE23DD73B30082C3ED /* MainView.swift */; };
		A0C67AC123DD749B0082C3ED /* LoginVIewModel.swift in Sources */ = {isa = PBXBuildFile; fileRef = A0C67AC023DD749B0082C3ED /* LoginVIewModel.swift */; };
		A0C67AC323DD778E0082C3ED /* GoogleService-Info.plist in Resources */ = {isa = PBXBuildFile; fileRef = A0C67AC223DD778E0082C3ED /* GoogleService-Info.plist */; };
		A0C67AC523DD77D70082C3ED /* MainViewModel.swift in Sources */ = {isa = PBXBuildFile; fileRef = A0C67AC423DD77D70082C3ED /* MainViewModel.swift */; };
		A0C67AC723DD7D590082C3ED /* ProfileView.swift in Sources */ = {isa = PBXBuildFile; fileRef = A0C67AC623DD7D590082C3ED /* ProfileView.swift */; };
		A0C67AC923DD8C190082C3ED /* ProfileViewModel.swift in Sources */ = {isa = PBXBuildFile; fileRef = A0C67AC823DD8C190082C3ED /* ProfileViewModel.swift */; };
		A0C67ACD23DD970F0082C3ED /* UserInfoManager.swift in Sources */ = {isa = PBXBuildFile; fileRef = A0C67ACC23DD970F0082C3ED /* UserInfoManager.swift */; };
		A0C67ACF23DDA8EB0082C3ED /* Friend.swift in Sources */ = {isa = PBXBuildFile; fileRef = A0C67ACE23DDA8EB0082C3ED /* Friend.swift */; };
		A0C67AD123DF0E480082C3ED /* SearchUserView.swift in Sources */ = {isa = PBXBuildFile; fileRef = A0C67AD023DF0E480082C3ED /* SearchUserView.swift */; };
		A0C67AD323DF109A0082C3ED /* SearchUserViewModel.swift in Sources */ = {isa = PBXBuildFile; fileRef = A0C67AD223DF109A0082C3ED /* SearchUserViewModel.swift */; };
		A0E46E4223DD6B40001E30ED /* AppDelegate.swift in Sources */ = {isa = PBXBuildFile; fileRef = A0E46E4123DD6B40001E30ED /* AppDelegate.swift */; };
		A0E46E4423DD6B40001E30ED /* SceneDelegate.swift in Sources */ = {isa = PBXBuildFile; fileRef = A0E46E4323DD6B40001E30ED /* SceneDelegate.swift */; };
		A0E46E4623DD6B40001E30ED /* ContentView.swift in Sources */ = {isa = PBXBuildFile; fileRef = A0E46E4523DD6B40001E30ED /* ContentView.swift */; };
		A0E46E4823DD6B42001E30ED /* Assets.xcassets in Resources */ = {isa = PBXBuildFile; fileRef = A0E46E4723DD6B42001E30ED /* Assets.xcassets */; };
		A0E46E4B23DD6B42001E30ED /* Preview Assets.xcassets in Resources */ = {isa = PBXBuildFile; fileRef = A0E46E4A23DD6B42001E30ED /* Preview Assets.xcassets */; };
		A0E46E4E23DD6B42001E30ED /* LaunchScreen.storyboard in Resources */ = {isa = PBXBuildFile; fileRef = A0E46E4C23DD6B42001E30ED /* LaunchScreen.storyboard */; };
		A0E46E5923DD6B42001E30ED /* ChatAppTests.swift in Sources */ = {isa = PBXBuildFile; fileRef = A0E46E5823DD6B42001E30ED /* ChatAppTests.swift */; };
		A0E46E6423DD6B42001E30ED /* ChatAppUITests.swift in Sources */ = {isa = PBXBuildFile; fileRef = A0E46E6323DD6B42001E30ED /* ChatAppUITests.swift */; };
/* End PBXBuildFile section */

/* Begin PBXContainerItemProxy section */
		A0E46E5523DD6B42001E30ED /* PBXContainerItemProxy */ = {
			isa = PBXContainerItemProxy;
			containerPortal = A0E46E3623DD6B40001E30ED /* Project object */;
			proxyType = 1;
			remoteGlobalIDString = A0E46E3D23DD6B40001E30ED;
			remoteInfo = ChatApp;
		};
		A0E46E6023DD6B42001E30ED /* PBXContainerItemProxy */ = {
			isa = PBXContainerItemProxy;
			containerPortal = A0E46E3623DD6B40001E30ED /* Project object */;
			proxyType = 1;
			remoteGlobalIDString = A0E46E3D23DD6B40001E30ED;
			remoteInfo = ChatApp;
		};
/* End PBXContainerItemProxy section */

/* Begin PBXFileReference section */
		157B3A2C94134042F5149CAD /* Pods_ChatAppTests.framework */ = {isa = PBXFileReference; explicitFileType = wrapper.framework; includeInIndex = 0; path = Pods_ChatAppTests.framework; sourceTree = BUILT_PRODUCTS_DIR; };
		2E82D0DA46B654EDE66CD867 /* Pods-ChatApp.debug.xcconfig */ = {isa = PBXFileReference; includeInIndex = 1; lastKnownFileType = text.xcconfig; name = "Pods-ChatApp.debug.xcconfig"; path = "Target Support Files/Pods-ChatApp/Pods-ChatApp.debug.xcconfig"; sourceTree = "<group>"; };
		5E57467F6D434900EC3E7136 /* Pods_ChatApp_ChatAppUITests.framework */ = {isa = PBXFileReference; explicitFileType = wrapper.framework; includeInIndex = 0; path = Pods_ChatApp_ChatAppUITests.framework; sourceTree = BUILT_PRODUCTS_DIR; };
		6306B0F12A9FB4E0CC231826 /* Pods-ChatApp.release.xcconfig */ = {isa = PBXFileReference; includeInIndex = 1; lastKnownFileType = text.xcconfig; name = "Pods-ChatApp.release.xcconfig"; path = "Target Support Files/Pods-ChatApp/Pods-ChatApp.release.xcconfig"; sourceTree = "<group>"; };
		6E8F332A6E36233BBAC15A48 /* Pods-ChatAppTests.release.xcconfig */ = {isa = PBXFileReference; includeInIndex = 1; lastKnownFileType = text.xcconfig; name = "Pods-ChatAppTests.release.xcconfig"; path = "Target Support Files/Pods-ChatAppTests/Pods-ChatAppTests.release.xcconfig"; sourceTree = "<group>"; };
		89B67DDE8AF2F4AC22454DAC /* Pods-ChatApp-ChatAppUITests.debug.xcconfig */ = {isa = PBXFileReference; includeInIndex = 1; lastKnownFileType = text.xcconfig; name = "Pods-ChatApp-ChatAppUITests.debug.xcconfig"; path = "Target Support Files/Pods-ChatApp-ChatAppUITests/Pods-ChatApp-ChatAppUITests.debug.xcconfig"; sourceTree = "<group>"; };
		A078F35D17A67531BBDC45F1 /* Pods-ChatApp-ChatAppUITests.release.xcconfig */ = {isa = PBXFileReference; includeInIndex = 1; lastKnownFileType = text.xcconfig; name = "Pods-ChatApp-ChatAppUITests.release.xcconfig"; path = "Target Support Files/Pods-ChatApp-ChatAppUITests/Pods-ChatApp-ChatAppUITests.release.xcconfig"; sourceTree = "<group>"; };
		A0C67AB623DD719C0082C3ED /* Session.swift */ = {isa = PBXFileReference; lastKnownFileType = sourcecode.swift; path = Session.swift; sourceTree = "<group>"; };
		A0C67AB823DD72300082C3ED /* LoginView.swift */ = {isa = PBXFileReference; lastKnownFileType = sourcecode.swift; path = LoginView.swift; sourceTree = "<group>"; };
		A0C67ABA23DD72D70082C3ED /* User.swift */ = {isa = PBXFileReference; lastKnownFileType = sourcecode.swift; path = User.swift; sourceTree = "<group>"; };
		A0C67ABC23DD73490082C3ED /* RootView.swift */ = {isa = PBXFileReference; lastKnownFileType = sourcecode.swift; path = RootView.swift; sourceTree = "<group>"; };
		A0C67ABE23DD73B30082C3ED /* MainView.swift */ = {isa = PBXFileReference; lastKnownFileType = sourcecode.swift; path = MainView.swift; sourceTree = "<group>"; };
		A0C67AC023DD749B0082C3ED /* LoginVIewModel.swift */ = {isa = PBXFileReference; lastKnownFileType = sourcecode.swift; path = LoginVIewModel.swift; sourceTree = "<group>"; };
		A0C67AC223DD778E0082C3ED /* GoogleService-Info.plist */ = {isa = PBXFileReference; fileEncoding = 4; lastKnownFileType = text.plist.xml; path = "GoogleService-Info.plist"; sourceTree = "<group>"; };
		A0C67AC423DD77D70082C3ED /* MainViewModel.swift */ = {isa = PBXFileReference; lastKnownFileType = sourcecode.swift; path = MainViewModel.swift; sourceTree = "<group>"; };
		A0C67AC623DD7D590082C3ED /* ProfileView.swift */ = {isa = PBXFileReference; lastKnownFileType = sourcecode.swift; path = ProfileView.swift; sourceTree = "<group>"; };
		A0C67AC823DD8C190082C3ED /* ProfileViewModel.swift */ = {isa = PBXFileReference; lastKnownFileType = sourcecode.swift; path = ProfileViewModel.swift; sourceTree = "<group>"; };
		A0C67ACC23DD970F0082C3ED /* UserInfoManager.swift */ = {isa = PBXFileReference; lastKnownFileType = sourcecode.swift; path = UserInfoManager.swift; sourceTree = "<group>"; };
		A0C67ACE23DDA8EB0082C3ED /* Friend.swift */ = {isa = PBXFileReference; lastKnownFileType = sourcecode.swift; path = Friend.swift; sourceTree = "<group>"; };
		A0C67AD023DF0E480082C3ED /* SearchUserView.swift */ = {isa = PBXFileReference; lastKnownFileType = sourcecode.swift; path = SearchUserView.swift; sourceTree = "<group>"; };
		A0C67AD223DF109A0082C3ED /* SearchUserViewModel.swift */ = {isa = PBXFileReference; lastKnownFileType = sourcecode.swift; path = SearchUserViewModel.swift; sourceTree = "<group>"; };
		A0E46E3E23DD6B40001E30ED /* ChatApp.app */ = {isa = PBXFileReference; explicitFileType = wrapper.application; includeInIndex = 0; path = ChatApp.app; sourceTree = BUILT_PRODUCTS_DIR; };
		A0E46E4123DD6B40001E30ED /* AppDelegate.swift */ = {isa = PBXFileReference; lastKnownFileType = sourcecode.swift; path = AppDelegate.swift; sourceTree = "<group>"; };
		A0E46E4323DD6B40001E30ED /* SceneDelegate.swift */ = {isa = PBXFileReference; lastKnownFileType = sourcecode.swift; path = SceneDelegate.swift; sourceTree = "<group>"; };
		A0E46E4523DD6B40001E30ED /* ContentView.swift */ = {isa = PBXFileReference; lastKnownFileType = sourcecode.swift; path = ContentView.swift; sourceTree = "<group>"; };
		A0E46E4723DD6B42001E30ED /* Assets.xcassets */ = {isa = PBXFileReference; lastKnownFileType = folder.assetcatalog; path = Assets.xcassets; sourceTree = "<group>"; };
		A0E46E4A23DD6B42001E30ED /* Preview Assets.xcassets */ = {isa = PBXFileReference; lastKnownFileType = folder.assetcatalog; path = "Preview Assets.xcassets"; sourceTree = "<group>"; };
		A0E46E4D23DD6B42001E30ED /* Base */ = {isa = PBXFileReference; lastKnownFileType = file.storyboard; name = Base; path = Base.lproj/LaunchScreen.storyboard; sourceTree = "<group>"; };
		A0E46E4F23DD6B42001E30ED /* Info.plist */ = {isa = PBXFileReference; lastKnownFileType = text.plist.xml; path = Info.plist; sourceTree = "<group>"; };
		A0E46E5423DD6B42001E30ED /* ChatAppTests.xctest */ = {isa = PBXFileReference; explicitFileType = wrapper.cfbundle; includeInIndex = 0; path = ChatAppTests.xctest; sourceTree = BUILT_PRODUCTS_DIR; };
		A0E46E5823DD6B42001E30ED /* ChatAppTests.swift */ = {isa = PBXFileReference; lastKnownFileType = sourcecode.swift; path = ChatAppTests.swift; sourceTree = "<group>"; };
		A0E46E5A23DD6B42001E30ED /* Info.plist */ = {isa = PBXFileReference; lastKnownFileType = text.plist.xml; path = Info.plist; sourceTree = "<group>"; };
		A0E46E5F23DD6B42001E30ED /* ChatAppUITests.xctest */ = {isa = PBXFileReference; explicitFileType = wrapper.cfbundle; includeInIndex = 0; path = ChatAppUITests.xctest; sourceTree = BUILT_PRODUCTS_DIR; };
		A0E46E6323DD6B42001E30ED /* ChatAppUITests.swift */ = {isa = PBXFileReference; lastKnownFileType = sourcecode.swift; path = ChatAppUITests.swift; sourceTree = "<group>"; };
		A0E46E6523DD6B42001E30ED /* Info.plist */ = {isa = PBXFileReference; lastKnownFileType = text.plist.xml; path = Info.plist; sourceTree = "<group>"; };
		D1EBCE13085BD21E418C031F /* Pods_ChatApp.framework */ = {isa = PBXFileReference; explicitFileType = wrapper.framework; includeInIndex = 0; path = Pods_ChatApp.framework; sourceTree = BUILT_PRODUCTS_DIR; };
		D8626B40A70C45E1CD49F8FB /* Pods-ChatAppTests.debug.xcconfig */ = {isa = PBXFileReference; includeInIndex = 1; lastKnownFileType = text.xcconfig; name = "Pods-ChatAppTests.debug.xcconfig"; path = "Target Support Files/Pods-ChatAppTests/Pods-ChatAppTests.debug.xcconfig"; sourceTree = "<group>"; };
/* End PBXFileReference section */

/* Begin PBXFrameworksBuildPhase section */
		A0E46E3B23DD6B40001E30ED /* Frameworks */ = {
			isa = PBXFrameworksBuildPhase;
			buildActionMask = 2147483647;
			files = (
				4F39DE4459CFE83D8B327B24 /* Pods_ChatApp.framework in Frameworks */,
			);
			runOnlyForDeploymentPostprocessing = 0;
		};
		A0E46E5123DD6B42001E30ED /* Frameworks */ = {
			isa = PBXFrameworksBuildPhase;
			buildActionMask = 2147483647;
			files = (
				0FF84B5CEE9B82E9569845AA /* Pods_ChatAppTests.framework in Frameworks */,
			);
			runOnlyForDeploymentPostprocessing = 0;
		};
		A0E46E5C23DD6B42001E30ED /* Frameworks */ = {
			isa = PBXFrameworksBuildPhase;
			buildActionMask = 2147483647;
			files = (
				4DEFDD17CA7C2F28E563C4E0 /* Pods_ChatApp_ChatAppUITests.framework in Frameworks */,
			);
			runOnlyForDeploymentPostprocessing = 0;
		};
/* End PBXFrameworksBuildPhase section */

/* Begin PBXGroup section */
		A0C67AB323DD70420082C3ED /* Model */ = {
			isa = PBXGroup;
			children = (
				A0C67AB623DD719C0082C3ED /* Session.swift */,
				A0C67ABA23DD72D70082C3ED /* User.swift */,
				A0C67ACC23DD970F0082C3ED /* UserInfoManager.swift */,
				A0C67ACE23DDA8EB0082C3ED /* Friend.swift */,
			);
			path = Model;
			sourceTree = "<group>";
		};
		A0C67AB423DD704F0082C3ED /* ViewModel */ = {
			isa = PBXGroup;
			children = (
				A0C67AC023DD749B0082C3ED /* LoginVIewModel.swift */,
				A0C67AC423DD77D70082C3ED /* MainViewModel.swift */,
				A0C67AC823DD8C190082C3ED /* ProfileViewModel.swift */,
				A0C67AD223DF109A0082C3ED /* SearchUserViewModel.swift */,
			);
			path = ViewModel;
			sourceTree = "<group>";
		};
		A0C67AB523DD70570082C3ED /* View */ = {
			isa = PBXGroup;
			children = (
				A0C67AB823DD72300082C3ED /* LoginView.swift */,
				A0C67ABC23DD73490082C3ED /* RootView.swift */,
				A0C67ABE23DD73B30082C3ED /* MainView.swift */,
				A0C67AC623DD7D590082C3ED /* ProfileView.swift */,
				A0C67AD023DF0E480082C3ED /* SearchUserView.swift */,
			);
			path = View;
			sourceTree = "<group>";
		};
		A0E46E3523DD6B40001E30ED = {
			isa = PBXGroup;
			children = (
				A0E46E4023DD6B40001E30ED /* ChatApp */,
				A0E46E5723DD6B42001E30ED /* ChatAppTests */,
				A0E46E6223DD6B42001E30ED /* ChatAppUITests */,
				A0E46E3F23DD6B40001E30ED /* Products */,
				DB5DC58A3653733D284733D0 /* Pods */,
				ED0C7E1D1CB06770D3CF8F63 /* Frameworks */,
			);
			sourceTree = "<group>";
		};
		A0E46E3F23DD6B40001E30ED /* Products */ = {
			isa = PBXGroup;
			children = (
				A0E46E3E23DD6B40001E30ED /* ChatApp.app */,
				A0E46E5423DD6B42001E30ED /* ChatAppTests.xctest */,
				A0E46E5F23DD6B42001E30ED /* ChatAppUITests.xctest */,
			);
			name = Products;
			sourceTree = "<group>";
		};
		A0E46E4023DD6B40001E30ED /* ChatApp */ = {
			isa = PBXGroup;
			children = (
				A0C67AB523DD70570082C3ED /* View */,
				A0C67AB423DD704F0082C3ED /* ViewModel */,
				A0C67AB323DD70420082C3ED /* Model */,
				A0E46E4123DD6B40001E30ED /* AppDelegate.swift */,
				A0E46E4323DD6B40001E30ED /* SceneDelegate.swift */,
				A0E46E4523DD6B40001E30ED /* ContentView.swift */,
				A0E46E4723DD6B42001E30ED /* Assets.xcassets */,
				A0E46E4C23DD6B42001E30ED /* LaunchScreen.storyboard */,
				A0E46E4F23DD6B42001E30ED /* Info.plist */,
				A0C67AC223DD778E0082C3ED /* GoogleService-Info.plist */,
				A0E46E4923DD6B42001E30ED /* Preview Content */,
			);
			path = ChatApp;
			sourceTree = "<group>";
		};
		A0E46E4923DD6B42001E30ED /* Preview Content */ = {
			isa = PBXGroup;
			children = (
				A0E46E4A23DD6B42001E30ED /* Preview Assets.xcassets */,
			);
			path = "Preview Content";
			sourceTree = "<group>";
		};
		A0E46E5723DD6B42001E30ED /* ChatAppTests */ = {
			isa = PBXGroup;
			children = (
				A0E46E5823DD6B42001E30ED /* ChatAppTests.swift */,
				A0E46E5A23DD6B42001E30ED /* Info.plist */,
			);
			path = ChatAppTests;
			sourceTree = "<group>";
		};
		A0E46E6223DD6B42001E30ED /* ChatAppUITests */ = {
			isa = PBXGroup;
			children = (
				A0E46E6323DD6B42001E30ED /* ChatAppUITests.swift */,
				A0E46E6523DD6B42001E30ED /* Info.plist */,
			);
			path = ChatAppUITests;
			sourceTree = "<group>";
		};
		DB5DC58A3653733D284733D0 /* Pods */ = {
			isa = PBXGroup;
			children = (
				2E82D0DA46B654EDE66CD867 /* Pods-ChatApp.debug.xcconfig */,
				6306B0F12A9FB4E0CC231826 /* Pods-ChatApp.release.xcconfig */,
				89B67DDE8AF2F4AC22454DAC /* Pods-ChatApp-ChatAppUITests.debug.xcconfig */,
				A078F35D17A67531BBDC45F1 /* Pods-ChatApp-ChatAppUITests.release.xcconfig */,
				D8626B40A70C45E1CD49F8FB /* Pods-ChatAppTests.debug.xcconfig */,
				6E8F332A6E36233BBAC15A48 /* Pods-ChatAppTests.release.xcconfig */,
			);
			path = Pods;
			sourceTree = "<group>";
		};
		ED0C7E1D1CB06770D3CF8F63 /* Frameworks */ = {
			isa = PBXGroup;
			children = (
				D1EBCE13085BD21E418C031F /* Pods_ChatApp.framework */,
				5E57467F6D434900EC3E7136 /* Pods_ChatApp_ChatAppUITests.framework */,
				157B3A2C94134042F5149CAD /* Pods_ChatAppTests.framework */,
			);
			name = Frameworks;
			sourceTree = "<group>";
		};
/* End PBXGroup section */

/* Begin PBXNativeTarget section */
		A0E46E3D23DD6B40001E30ED /* ChatApp */ = {
			isa = PBXNativeTarget;
			buildConfigurationList = A0E46E6823DD6B42001E30ED /* Build configuration list for PBXNativeTarget "ChatApp" */;
			buildPhases = (
				43A1DFB53FB8F4DE4DDBBA02 /* [CP] Check Pods Manifest.lock */,
				A0E46E3A23DD6B40001E30ED /* Sources */,
				A0E46E3B23DD6B40001E30ED /* Frameworks */,
				A0E46E3C23DD6B40001E30ED /* Resources */,
				AB0D60CB69682BEF25674C04 /* [CP] Embed Pods Frameworks */,
			);
			buildRules = (
			);
			dependencies = (
			);
			name = ChatApp;
			productName = ChatApp;
			productReference = A0E46E3E23DD6B40001E30ED /* ChatApp.app */;
			productType = "com.apple.product-type.application";
		};
		A0E46E5323DD6B42001E30ED /* ChatAppTests */ = {
			isa = PBXNativeTarget;
			buildConfigurationList = A0E46E6B23DD6B42001E30ED /* Build configuration list for PBXNativeTarget "ChatAppTests" */;
			buildPhases = (
				1EE76858EC5E7C1596CCE0E8 /* [CP] Check Pods Manifest.lock */,
				A0E46E5023DD6B42001E30ED /* Sources */,
				A0E46E5123DD6B42001E30ED /* Frameworks */,
				A0E46E5223DD6B42001E30ED /* Resources */,
			);
			buildRules = (
			);
			dependencies = (
				A0E46E5623DD6B42001E30ED /* PBXTargetDependency */,
			);
			name = ChatAppTests;
			productName = ChatAppTests;
			productReference = A0E46E5423DD6B42001E30ED /* ChatAppTests.xctest */;
			productType = "com.apple.product-type.bundle.unit-test";
		};
		A0E46E5E23DD6B42001E30ED /* ChatAppUITests */ = {
			isa = PBXNativeTarget;
			buildConfigurationList = A0E46E6E23DD6B42001E30ED /* Build configuration list for PBXNativeTarget "ChatAppUITests" */;
			buildPhases = (
				AAC432DBEBD5022C6FB7688A /* [CP] Check Pods Manifest.lock */,
				A0E46E5B23DD6B42001E30ED /* Sources */,
				A0E46E5C23DD6B42001E30ED /* Frameworks */,
				A0E46E5D23DD6B42001E30ED /* Resources */,
				487474CA213F6CA270BD1834 /* [CP] Embed Pods Frameworks */,
			);
			buildRules = (
			);
			dependencies = (
				A0E46E6123DD6B42001E30ED /* PBXTargetDependency */,
			);
			name = ChatAppUITests;
			productName = ChatAppUITests;
			productReference = A0E46E5F23DD6B42001E30ED /* ChatAppUITests.xctest */;
			productType = "com.apple.product-type.bundle.ui-testing";
		};
/* End PBXNativeTarget section */

/* Begin PBXProject section */
		A0E46E3623DD6B40001E30ED /* Project object */ = {
			isa = PBXProject;
			attributes = {
				LastSwiftUpdateCheck = 1110;
				LastUpgradeCheck = 1110;
				ORGANIZATIONNAME = "riku yasui";
				TargetAttributes = {
					A0E46E3D23DD6B40001E30ED = {
						CreatedOnToolsVersion = 11.1;
					};
					A0E46E5323DD6B42001E30ED = {
						CreatedOnToolsVersion = 11.1;
						TestTargetID = A0E46E3D23DD6B40001E30ED;
					};
					A0E46E5E23DD6B42001E30ED = {
						CreatedOnToolsVersion = 11.1;
						TestTargetID = A0E46E3D23DD6B40001E30ED;
					};
				};
			};
			buildConfigurationList = A0E46E3923DD6B40001E30ED /* Build configuration list for PBXProject "ChatApp" */;
			compatibilityVersion = "Xcode 9.3";
			developmentRegion = en;
			hasScannedForEncodings = 0;
			knownRegions = (
				en,
				Base,
			);
			mainGroup = A0E46E3523DD6B40001E30ED;
			productRefGroup = A0E46E3F23DD6B40001E30ED /* Products */;
			projectDirPath = "";
			projectRoot = "";
			targets = (
				A0E46E3D23DD6B40001E30ED /* ChatApp */,
				A0E46E5323DD6B42001E30ED /* ChatAppTests */,
				A0E46E5E23DD6B42001E30ED /* ChatAppUITests */,
			);
		};
/* End PBXProject section */

/* Begin PBXResourcesBuildPhase section */
		A0E46E3C23DD6B40001E30ED /* Resources */ = {
			isa = PBXResourcesBuildPhase;
			buildActionMask = 2147483647;
			files = (
				A0E46E4E23DD6B42001E30ED /* LaunchScreen.storyboard in Resources */,
				A0C67AC323DD778E0082C3ED /* GoogleService-Info.plist in Resources */,
				A0E46E4B23DD6B42001E30ED /* Preview Assets.xcassets in Resources */,
				A0E46E4823DD6B42001E30ED /* Assets.xcassets in Resources */,
			);
			runOnlyForDeploymentPostprocessing = 0;
		};
		A0E46E5223DD6B42001E30ED /* Resources */ = {
			isa = PBXResourcesBuildPhase;
			buildActionMask = 2147483647;
			files = (
			);
			runOnlyForDeploymentPostprocessing = 0;
		};
		A0E46E5D23DD6B42001E30ED /* Resources */ = {
			isa = PBXResourcesBuildPhase;
			buildActionMask = 2147483647;
			files = (
			);
			runOnlyForDeploymentPostprocessing = 0;
		};
/* End PBXResourcesBuildPhase section */

/* Begin PBXShellScriptBuildPhase section */
		1EE76858EC5E7C1596CCE0E8 /* [CP] Check Pods Manifest.lock */ = {
			isa = PBXShellScriptBuildPhase;
			buildActionMask = 2147483647;
			files = (
			);
			inputFileListPaths = (
			);
			inputPaths = (
				"${PODS_PODFILE_DIR_PATH}/Podfile.lock",
				"${PODS_ROOT}/Manifest.lock",
			);
			name = "[CP] Check Pods Manifest.lock";
			outputFileListPaths = (
			);
			outputPaths = (
				"$(DERIVED_FILE_DIR)/Pods-ChatAppTests-checkManifestLockResult.txt",
			);
			runOnlyForDeploymentPostprocessing = 0;
			shellPath = /bin/sh;
			shellScript = "diff \"${PODS_PODFILE_DIR_PATH}/Podfile.lock\" \"${PODS_ROOT}/Manifest.lock\" > /dev/null\nif [ $? != 0 ] ; then\n    # print error to STDERR\n    echo \"error: The sandbox is not in sync with the Podfile.lock. Run 'pod install' or update your CocoaPods installation.\" >&2\n    exit 1\nfi\n# This output is used by Xcode 'outputs' to avoid re-running this script phase.\necho \"SUCCESS\" > \"${SCRIPT_OUTPUT_FILE_0}\"\n";
			showEnvVarsInLog = 0;
		};
		43A1DFB53FB8F4DE4DDBBA02 /* [CP] Check Pods Manifest.lock */ = {
			isa = PBXShellScriptBuildPhase;
			buildActionMask = 2147483647;
			files = (
			);
			inputFileListPaths = (
			);
			inputPaths = (
				"${PODS_PODFILE_DIR_PATH}/Podfile.lock",
				"${PODS_ROOT}/Manifest.lock",
			);
			name = "[CP] Check Pods Manifest.lock";
			outputFileListPaths = (
			);
			outputPaths = (
				"$(DERIVED_FILE_DIR)/Pods-ChatApp-checkManifestLockResult.txt",
			);
			runOnlyForDeploymentPostprocessing = 0;
			shellPath = /bin/sh;
			shellScript = "diff \"${PODS_PODFILE_DIR_PATH}/Podfile.lock\" \"${PODS_ROOT}/Manifest.lock\" > /dev/null\nif [ $? != 0 ] ; then\n    # print error to STDERR\n    echo \"error: The sandbox is not in sync with the Podfile.lock. Run 'pod install' or update your CocoaPods installation.\" >&2\n    exit 1\nfi\n# This output is used by Xcode 'outputs' to avoid re-running this script phase.\necho \"SUCCESS\" > \"${SCRIPT_OUTPUT_FILE_0}\"\n";
			showEnvVarsInLog = 0;
		};
		487474CA213F6CA270BD1834 /* [CP] Embed Pods Frameworks */ = {
			isa = PBXShellScriptBuildPhase;
			buildActionMask = 2147483647;
			files = (
			);
			inputFileListPaths = (
				"${PODS_ROOT}/Target Support Files/Pods-ChatApp-ChatAppUITests/Pods-ChatApp-ChatAppUITests-frameworks-${CONFIGURATION}-input-files.xcfilelist",
			);
			name = "[CP] Embed Pods Frameworks";
			outputFileListPaths = (
				"${PODS_ROOT}/Target Support Files/Pods-ChatApp-ChatAppUITests/Pods-ChatApp-ChatAppUITests-frameworks-${CONFIGURATION}-output-files.xcfilelist",
			);
			runOnlyForDeploymentPostprocessing = 0;
			shellPath = /bin/sh;
			shellScript = "\"${PODS_ROOT}/Target Support Files/Pods-ChatApp-ChatAppUITests/Pods-ChatApp-ChatAppUITests-frameworks.sh\"\n";
			showEnvVarsInLog = 0;
		};
		AAC432DBEBD5022C6FB7688A /* [CP] Check Pods Manifest.lock */ = {
			isa = PBXShellScriptBuildPhase;
			buildActionMask = 2147483647;
			files = (
			);
			inputFileListPaths = (
			);
			inputPaths = (
				"${PODS_PODFILE_DIR_PATH}/Podfile.lock",
				"${PODS_ROOT}/Manifest.lock",
			);
			name = "[CP] Check Pods Manifest.lock";
			outputFileListPaths = (
			);
			outputPaths = (
				"$(DERIVED_FILE_DIR)/Pods-ChatApp-ChatAppUITests-checkManifestLockResult.txt",
			);
			runOnlyForDeploymentPostprocessing = 0;
			shellPath = /bin/sh;
			shellScript = "diff \"${PODS_PODFILE_DIR_PATH}/Podfile.lock\" \"${PODS_ROOT}/Manifest.lock\" > /dev/null\nif [ $? != 0 ] ; then\n    # print error to STDERR\n    echo \"error: The sandbox is not in sync with the Podfile.lock. Run 'pod install' or update your CocoaPods installation.\" >&2\n    exit 1\nfi\n# This output is used by Xcode 'outputs' to avoid re-running this script phase.\necho \"SUCCESS\" > \"${SCRIPT_OUTPUT_FILE_0}\"\n";
			showEnvVarsInLog = 0;
		};
		AB0D60CB69682BEF25674C04 /* [CP] Embed Pods Frameworks */ = {
			isa = PBXShellScriptBuildPhase;
			buildActionMask = 2147483647;
			files = (
			);
			inputFileListPaths = (
				"${PODS_ROOT}/Target Support Files/Pods-ChatApp/Pods-ChatApp-frameworks-${CONFIGURATION}-input-files.xcfilelist",
			);
			name = "[CP] Embed Pods Frameworks";
			outputFileListPaths = (
				"${PODS_ROOT}/Target Support Files/Pods-ChatApp/Pods-ChatApp-frameworks-${CONFIGURATION}-output-files.xcfilelist",
			);
			runOnlyForDeploymentPostprocessing = 0;
			shellPath = /bin/sh;
			shellScript = "\"${PODS_ROOT}/Target Support Files/Pods-ChatApp/Pods-ChatApp-frameworks.sh\"\n";
			showEnvVarsInLog = 0;
		};
/* End PBXShellScriptBuildPhase section */

/* Begin PBXSourcesBuildPhase section */
		A0E46E3A23DD6B40001E30ED /* Sources */ = {
			isa = PBXSourcesBuildPhase;
			buildActionMask = 2147483647;
			files = (
				A0C67AB723DD719C0082C3ED /* Session.swift in Sources */,
				A0C67ACF23DDA8EB0082C3ED /* Friend.swift in Sources */,
				A0C67ABF23DD73B30082C3ED /* MainView.swift in Sources */,
				A0C67AC523DD77D70082C3ED /* MainViewModel.swift in Sources */,
				A0E46E4223DD6B40001E30ED /* AppDelegate.swift in Sources */,
				A0C67AD323DF109A0082C3ED /* SearchUserViewModel.swift in Sources */,
				A0C67ABB23DD72D70082C3ED /* User.swift in Sources */,
				A0E46E4423DD6B40001E30ED /* SceneDelegate.swift in Sources */,
				A0C67AC923DD8C190082C3ED /* ProfileViewModel.swift in Sources */,
				A0C67ABD23DD73490082C3ED /* RootView.swift in Sources */,
				A0C67AB923DD72300082C3ED /* LoginView.swift in Sources */,
				A0C67AC123DD749B0082C3ED /* LoginVIewModel.swift in Sources */,
				A0C67AC723DD7D590082C3ED /* ProfileView.swift in Sources */,
				A0C67AD123DF0E480082C3ED /* SearchUserView.swift in Sources */,
				A0C67ACD23DD970F0082C3ED /* UserInfoManager.swift in Sources */,
				A0E46E4623DD6B40001E30ED /* ContentView.swift in Sources */,
			);
			runOnlyForDeploymentPostprocessing = 0;
		};
		A0E46E5023DD6B42001E30ED /* Sources */ = {
			isa = PBXSourcesBuildPhase;
			buildActionMask = 2147483647;
			files = (
				A0E46E5923DD6B42001E30ED /* ChatAppTests.swift in Sources */,
			);
			runOnlyForDeploymentPostprocessing = 0;
		};
		A0E46E5B23DD6B42001E30ED /* Sources */ = {
			isa = PBXSourcesBuildPhase;
			buildActionMask = 2147483647;
			files = (
				A0E46E6423DD6B42001E30ED /* ChatAppUITests.swift in Sources */,
			);
			runOnlyForDeploymentPostprocessing = 0;
		};
/* End PBXSourcesBuildPhase section */

/* Begin PBXTargetDependency section */
		A0E46E5623DD6B42001E30ED /* PBXTargetDependency */ = {
			isa = PBXTargetDependency;
			target = A0E46E3D23DD6B40001E30ED /* ChatApp */;
			targetProxy = A0E46E5523DD6B42001E30ED /* PBXContainerItemProxy */;
		};
		A0E46E6123DD6B42001E30ED /* PBXTargetDependency */ = {
			isa = PBXTargetDependency;
			target = A0E46E3D23DD6B40001E30ED /* ChatApp */;
			targetProxy = A0E46E6023DD6B42001E30ED /* PBXContainerItemProxy */;
		};
/* End PBXTargetDependency section */

/* Begin PBXVariantGroup section */
		A0E46E4C23DD6B42001E30ED /* LaunchScreen.storyboard */ = {
			isa = PBXVariantGroup;
			children = (
				A0E46E4D23DD6B42001E30ED /* Base */,
			);
			name = LaunchScreen.storyboard;
			sourceTree = "<group>";
		};
/* End PBXVariantGroup section */

/* Begin XCBuildConfiguration section */
		A0E46E6623DD6B42001E30ED /* Debug */ = {
			isa = XCBuildConfiguration;
			buildSettings = {
				ALWAYS_SEARCH_USER_PATHS = NO;
				CLANG_ANALYZER_NONNULL = YES;
				CLANG_ANALYZER_NUMBER_OBJECT_CONVERSION = YES_AGGRESSIVE;
				CLANG_CXX_LANGUAGE_STANDARD = "gnu++14";
				CLANG_CXX_LIBRARY = "libc++";
				CLANG_ENABLE_MODULES = YES;
				CLANG_ENABLE_OBJC_ARC = YES;
				CLANG_ENABLE_OBJC_WEAK = YES;
				CLANG_WARN_BLOCK_CAPTURE_AUTORELEASING = YES;
				CLANG_WARN_BOOL_CONVERSION = YES;
				CLANG_WARN_COMMA = YES;
				CLANG_WARN_CONSTANT_CONVERSION = YES;
				CLANG_WARN_DEPRECATED_OBJC_IMPLEMENTATIONS = YES;
				CLANG_WARN_DIRECT_OBJC_ISA_USAGE = YES_ERROR;
				CLANG_WARN_DOCUMENTATION_COMMENTS = YES;
				CLANG_WARN_EMPTY_BODY = YES;
				CLANG_WARN_ENUM_CONVERSION = YES;
				CLANG_WARN_INFINITE_RECURSION = YES;
				CLANG_WARN_INT_CONVERSION = YES;
				CLANG_WARN_NON_LITERAL_NULL_CONVERSION = YES;
				CLANG_WARN_OBJC_IMPLICIT_RETAIN_SELF = YES;
				CLANG_WARN_OBJC_LITERAL_CONVERSION = YES;
				CLANG_WARN_OBJC_ROOT_CLASS = YES_ERROR;
				CLANG_WARN_RANGE_LOOP_ANALYSIS = YES;
				CLANG_WARN_STRICT_PROTOTYPES = YES;
				CLANG_WARN_SUSPICIOUS_MOVE = YES;
				CLANG_WARN_UNGUARDED_AVAILABILITY = YES_AGGRESSIVE;
				CLANG_WARN_UNREACHABLE_CODE = YES;
				CLANG_WARN__DUPLICATE_METHOD_MATCH = YES;
				COPY_PHASE_STRIP = NO;
				DEBUG_INFORMATION_FORMAT = dwarf;
				ENABLE_STRICT_OBJC_MSGSEND = YES;
				ENABLE_TESTABILITY = YES;
				GCC_C_LANGUAGE_STANDARD = gnu11;
				GCC_DYNAMIC_NO_PIC = NO;
				GCC_NO_COMMON_BLOCKS = YES;
				GCC_OPTIMIZATION_LEVEL = 0;
				GCC_PREPROCESSOR_DEFINITIONS = (
					"DEBUG=1",
					"$(inherited)",
				);
				GCC_WARN_64_TO_32_BIT_CONVERSION = YES;
				GCC_WARN_ABOUT_RETURN_TYPE = YES_ERROR;
				GCC_WARN_UNDECLARED_SELECTOR = YES;
				GCC_WARN_UNINITIALIZED_AUTOS = YES_AGGRESSIVE;
				GCC_WARN_UNUSED_FUNCTION = YES;
				GCC_WARN_UNUSED_VARIABLE = YES;
				IPHONEOS_DEPLOYMENT_TARGET = 13.1;
				MTL_ENABLE_DEBUG_INFO = INCLUDE_SOURCE;
				MTL_FAST_MATH = YES;
				ONLY_ACTIVE_ARCH = YES;
				SDKROOT = iphoneos;
				SWIFT_ACTIVE_COMPILATION_CONDITIONS = DEBUG;
				SWIFT_OPTIMIZATION_LEVEL = "-Onone";
			};
			name = Debug;
		};
		A0E46E6723DD6B42001E30ED /* Release */ = {
			isa = XCBuildConfiguration;
			buildSettings = {
				ALWAYS_SEARCH_USER_PATHS = NO;
				CLANG_ANALYZER_NONNULL = YES;
				CLANG_ANALYZER_NUMBER_OBJECT_CONVERSION = YES_AGGRESSIVE;
				CLANG_CXX_LANGUAGE_STANDARD = "gnu++14";
				CLANG_CXX_LIBRARY = "libc++";
				CLANG_ENABLE_MODULES = YES;
				CLANG_ENABLE_OBJC_ARC = YES;
				CLANG_ENABLE_OBJC_WEAK = YES;
				CLANG_WARN_BLOCK_CAPTURE_AUTORELEASING = YES;
				CLANG_WARN_BOOL_CONVERSION = YES;
				CLANG_WARN_COMMA = YES;
				CLANG_WARN_CONSTANT_CONVERSION = YES;
				CLANG_WARN_DEPRECATED_OBJC_IMPLEMENTATIONS = YES;
				CLANG_WARN_DIRECT_OBJC_ISA_USAGE = YES_ERROR;
				CLANG_WARN_DOCUMENTATION_COMMENTS = YES;
				CLANG_WARN_EMPTY_BODY = YES;
				CLANG_WARN_ENUM_CONVERSION = YES;
				CLANG_WARN_INFINITE_RECURSION = YES;
				CLANG_WARN_INT_CONVERSION = YES;
				CLANG_WARN_NON_LITERAL_NULL_CONVERSION = YES;
				CLANG_WARN_OBJC_IMPLICIT_RETAIN_SELF = YES;
				CLANG_WARN_OBJC_LITERAL_CONVERSION = YES;
				CLANG_WARN_OBJC_ROOT_CLASS = YES_ERROR;
				CLANG_WARN_RANGE_LOOP_ANALYSIS = YES;
				CLANG_WARN_STRICT_PROTOTYPES = YES;
				CLANG_WARN_SUSPICIOUS_MOVE = YES;
				CLANG_WARN_UNGUARDED_AVAILABILITY = YES_AGGRESSIVE;
				CLANG_WARN_UNREACHABLE_CODE = YES;
				CLANG_WARN__DUPLICATE_METHOD_MATCH = YES;
				COPY_PHASE_STRIP = NO;
				DEBUG_INFORMATION_FORMAT = "dwarf-with-dsym";
				ENABLE_NS_ASSERTIONS = NO;
				ENABLE_STRICT_OBJC_MSGSEND = YES;
				GCC_C_LANGUAGE_STANDARD = gnu11;
				GCC_NO_COMMON_BLOCKS = YES;
				GCC_WARN_64_TO_32_BIT_CONVERSION = YES;
				GCC_WARN_ABOUT_RETURN_TYPE = YES_ERROR;
				GCC_WARN_UNDECLARED_SELECTOR = YES;
				GCC_WARN_UNINITIALIZED_AUTOS = YES_AGGRESSIVE;
				GCC_WARN_UNUSED_FUNCTION = YES;
				GCC_WARN_UNUSED_VARIABLE = YES;
				IPHONEOS_DEPLOYMENT_TARGET = 13.1;
				MTL_ENABLE_DEBUG_INFO = NO;
				MTL_FAST_MATH = YES;
				SDKROOT = iphoneos;
				SWIFT_COMPILATION_MODE = wholemodule;
				SWIFT_OPTIMIZATION_LEVEL = "-O";
				VALIDATE_PRODUCT = YES;
			};
			name = Release;
		};
		A0E46E6923DD6B42001E30ED /* Debug */ = {
			isa = XCBuildConfiguration;
			baseConfigurationReference = 2E82D0DA46B654EDE66CD867 /* Pods-ChatApp.debug.xcconfig */;
			buildSettings = {
				ASSETCATALOG_COMPILER_APPICON_NAME = AppIcon;
				CODE_SIGN_STYLE = Automatic;
				DEVELOPMENT_ASSET_PATHS = "\"ChatApp/Preview Content\"";
				DEVELOPMENT_TEAM = RN688WFT3X;
				ENABLE_PREVIEWS = YES;
				INFOPLIST_FILE = ChatApp/Info.plist;
				IPHONEOS_DEPLOYMENT_TARGET = 13.0;
				LD_RUNPATH_SEARCH_PATHS = (
					"$(inherited)",
					"@executable_path/Frameworks",
				);
				PRODUCT_BUNDLE_IDENTIFIER = com.rikuyasui.ChatApp;
				PRODUCT_NAME = "$(TARGET_NAME)";
				SWIFT_VERSION = 5.0;
				TARGETED_DEVICE_FAMILY = "1,2";
			};
			name = Debug;
		};
		A0E46E6A23DD6B42001E30ED /* Release */ = {
			isa = XCBuildConfiguration;
			baseConfigurationReference = 6306B0F12A9FB4E0CC231826 /* Pods-ChatApp.release.xcconfig */;
			buildSettings = {
				ASSETCATALOG_COMPILER_APPICON_NAME = AppIcon;
				CODE_SIGN_STYLE = Automatic;
				DEVELOPMENT_ASSET_PATHS = "\"ChatApp/Preview Content\"";
				DEVELOPMENT_TEAM = RN688WFT3X;
				ENABLE_PREVIEWS = YES;
				INFOPLIST_FILE = ChatApp/Info.plist;
				IPHONEOS_DEPLOYMENT_TARGET = 13.0;
				LD_RUNPATH_SEARCH_PATHS = (
					"$(inherited)",
					"@executable_path/Frameworks",
				);
				PRODUCT_BUNDLE_IDENTIFIER = com.rikuyasui.ChatApp;
				PRODUCT_NAME = "$(TARGET_NAME)";
				SWIFT_VERSION = 5.0;
				TARGETED_DEVICE_FAMILY = "1,2";
			};
			name = Release;
		};
		A0E46E6C23DD6B42001E30ED /* Debug */ = {
			isa = XCBuildConfiguration;
			baseConfigurationReference = D8626B40A70C45E1CD49F8FB /* Pods-ChatAppTests.debug.xcconfig */;
			buildSettings = {
				ALWAYS_EMBED_SWIFT_STANDARD_LIBRARIES = YES;
				BUNDLE_LOADER = "$(TEST_HOST)";
				CODE_SIGN_STYLE = Automatic;
				DEVELOPMENT_TEAM = RN688WFT3X;
				INFOPLIST_FILE = ChatAppTests/Info.plist;
				IPHONEOS_DEPLOYMENT_TARGET = 13.1;
				LD_RUNPATH_SEARCH_PATHS = (
					"$(inherited)",
					"@executable_path/Frameworks",
					"@loader_path/Frameworks",
				);
				PRODUCT_BUNDLE_IDENTIFIER = com.rikuyasui.ChatAppTests;
				PRODUCT_NAME = "$(TARGET_NAME)";
				SWIFT_VERSION = 5.0;
				TARGETED_DEVICE_FAMILY = "1,2";
				TEST_HOST = "$(BUILT_PRODUCTS_DIR)/ChatApp.app/ChatApp";
			};
			name = Debug;
		};
		A0E46E6D23DD6B42001E30ED /* Release */ = {
			isa = XCBuildConfiguration;
			baseConfigurationReference = 6E8F332A6E36233BBAC15A48 /* Pods-ChatAppTests.release.xcconfig */;
			buildSettings = {
				ALWAYS_EMBED_SWIFT_STANDARD_LIBRARIES = YES;
				BUNDLE_LOADER = "$(TEST_HOST)";
				CODE_SIGN_STYLE = Automatic;
				DEVELOPMENT_TEAM = RN688WFT3X;
				INFOPLIST_FILE = ChatAppTests/Info.plist;
				IPHONEOS_DEPLOYMENT_TARGET = 13.1;
				LD_RUNPATH_SEARCH_PATHS = (
					"$(inherited)",
					"@executable_path/Frameworks",
					"@loader_path/Frameworks",
				);
				PRODUCT_BUNDLE_IDENTIFIER = com.rikuyasui.ChatAppTests;
				PRODUCT_NAME = "$(TARGET_NAME)";
				SWIFT_VERSION = 5.0;
				TARGETED_DEVICE_FAMILY = "1,2";
				TEST_HOST = "$(BUILT_PRODUCTS_DIR)/ChatApp.app/ChatApp";
			};
			name = Release;
		};
		A0E46E6F23DD6B42001E30ED /* Debug */ = {
			isa = XCBuildConfiguration;
			baseConfigurationReference = 89B67DDE8AF2F4AC22454DAC /* Pods-ChatApp-ChatAppUITests.debug.xcconfig */;
			buildSettings = {
				ALWAYS_EMBED_SWIFT_STANDARD_LIBRARIES = YES;
				CODE_SIGN_STYLE = Automatic;
				DEVELOPMENT_TEAM = RN688WFT3X;
				INFOPLIST_FILE = ChatAppUITests/Info.plist;
				LD_RUNPATH_SEARCH_PATHS = (
					"$(inherited)",
					"@executable_path/Frameworks",
					"@loader_path/Frameworks",
				);
				PRODUCT_BUNDLE_IDENTIFIER = com.rikuyasui.ChatAppUITests;
				PRODUCT_NAME = "$(TARGET_NAME)";
				SWIFT_VERSION = 5.0;
				TARGETED_DEVICE_FAMILY = "1,2";
				TEST_TARGET_NAME = ChatApp;
			};
			name = Debug;
		};
		A0E46E7023DD6B42001E30ED /* Release */ = {
			isa = XCBuildConfiguration;
			baseConfigurationReference = A078F35D17A67531BBDC45F1 /* Pods-ChatApp-ChatAppUITests.release.xcconfig */;
			buildSettings = {
				ALWAYS_EMBED_SWIFT_STANDARD_LIBRARIES = YES;
				CODE_SIGN_STYLE = Automatic;
				DEVELOPMENT_TEAM = RN688WFT3X;
				INFOPLIST_FILE = ChatAppUITests/Info.plist;
				LD_RUNPATH_SEARCH_PATHS = (
					"$(inherited)",
					"@executable_path/Frameworks",
					"@loader_path/Frameworks",
				);
				PRODUCT_BUNDLE_IDENTIFIER = com.rikuyasui.ChatAppUITests;
				PRODUCT_NAME = "$(TARGET_NAME)";
				SWIFT_VERSION = 5.0;
				TARGETED_DEVICE_FAMILY = "1,2";
				TEST_TARGET_NAME = ChatApp;
			};
			name = Release;
		};
/* End XCBuildConfiguration section */

/* Begin XCConfigurationList section */
		A0E46E3923DD6B40001E30ED /* Build configuration list for PBXProject "ChatApp" */ = {
			isa = XCConfigurationList;
			buildConfigurations = (
				A0E46E6623DD6B42001E30ED /* Debug */,
				A0E46E6723DD6B42001E30ED /* Release */,
			);
			defaultConfigurationIsVisible = 0;
			defaultConfigurationName = Release;
		};
		A0E46E6823DD6B42001E30ED /* Build configuration list for PBXNativeTarget "ChatApp" */ = {
			isa = XCConfigurationList;
			buildConfigurations = (
				A0E46E6923DD6B42001E30ED /* Debug */,
				A0E46E6A23DD6B42001E30ED /* Release */,
			);
			defaultConfigurationIsVisible = 0;
			defaultConfigurationName = Release;
		};
		A0E46E6B23DD6B42001E30ED /* Build configuration list for PBXNativeTarget "ChatAppTests" */ = {
			isa = XCConfigurationList;
			buildConfigurations = (
				A0E46E6C23DD6B42001E30ED /* Debug */,
				A0E46E6D23DD6B42001E30ED /* Release */,
			);
			defaultConfigurationIsVisible = 0;
			defaultConfigurationName = Release;
		};
		A0E46E6E23DD6B42001E30ED /* Build configuration list for PBXNativeTarget "ChatAppUITests" */ = {
			isa = XCConfigurationList;
			buildConfigurations = (
				A0E46E6F23DD6B42001E30ED /* Debug */,
				A0E46E7023DD6B42001E30ED /* Release */,
			);
			defaultConfigurationIsVisible = 0;
			defaultConfigurationName = Release;
		};
/* End XCConfigurationList section */
	};
	rootObject = A0E46E3623DD6B40001E30ED /* Project object */;
}
